
Microsoft Visual Studio Solution File, Format Version 12.00
# Visual Studio Version 17
VisualStudioVersion = 17.10.34928.147
MinimumVisualStudioVersion = 10.0.40219.1
Project("{FAE04EC0-301F-11D3-BF4B-00C04F79EFBC}") = "PhoneBookApp", "PhoneBookApp\PhoneBookApp.csproj", "{73A49279-96A8-4499-8294-AB004B16FF90}"
EndProject
Global
	GlobalSection(SolutionConfigurationPlatforms) = preSolution
		Debug|Any CPU = Debug|Any CPU
		Release|Any CPU = Release|Any CPU
	EndGlobalSection
	GlobalSection(ProjectConfigurationPlatforms) = postSolution
		{73A49279-96A8-4499-8294-AB004B16FF90}.Debug|Any CPU.ActiveCfg = Debug|Any CPU
		{73A49279-96A8-4499-8294-AB004B16FF90}.Debug|Any CPU.Build.0 = Debug|Any CPU
		{73A49279-96A8-4499-8294-AB004B16FF90}.Release|Any CPU.ActiveCfg = Release|Any CPU
		{73A49279-96A8-4499-8294-AB004B16FF90}.Release|Any CPU.Build.0 = Release|Any CPU
	EndGlobalSection
	GlobalSection(SolutionProperties) = preSolution
		HideSolutionNode = FALSE
	EndGlobalSection
	GlobalSection(ExtensibilityGlobals) = postSolution
		SolutionGuid = {808BC361-7040-48A3-9AC3-CE35D7D350BD}
	EndGlobalSection
EndGlobal
