
Microsoft Visual Studio Solution File, Format Version 12.00
# Visual Studio Version 17
VisualStudioVersion = 17.8.34511.84
MinimumVisualStudioVersion = 10.0.40219.1
Project("{FAE04EC0-301F-11D3-BF4B-00C04F79EFBC}") = "Assignment2", "Assignment2\Assignment2.csproj", "{7D59BBB3-4CD9-4DAE-97F0-9D3E3B5D4B8A}"
EndProject
Global
	GlobalSection(SolutionConfigurationPlatforms) = preSolution
		Debug|Any CPU = Debug|Any CPU
		Release|Any CPU = Release|Any CPU
	EndGlobalSection
	GlobalSection(ProjectConfigurationPlatforms) = postSolution
		{7D59BBB3-4CD9-4DAE-97F0-9D3E3B5D4B8A}.Debug|Any CPU.ActiveCfg = Debug|Any CPU
		{7D59BBB3-4CD9-4DAE-97F0-9D3E3B5D4B8A}.Debug|Any CPU.Build.0 = Debug|Any CPU
		{7D59BBB3-4CD9-4DAE-97F0-9D3E3B5D4B8A}.Release|Any CPU.ActiveCfg = Release|Any CPU
		{7D59BBB3-4CD9-4DAE-97F0-9D3E3B5D4B8A}.Release|Any CPU.Build.0 = Release|Any CPU
	EndGlobalSection
	GlobalSection(SolutionProperties) = preSolution
		HideSolutionNode = FALSE
	EndGlobalSection
	GlobalSection(ExtensibilityGlobals) = postSolution
		SolutionGuid = {D0B1D08A-EA42-48CE-8EBA-729AA3F0BA11}
	EndGlobalSection
EndGlobal
